
Microsoft Visual Studio Solution File, Format Version 12.00
# Visual Studio Version 17
VisualStudioVersion = 17.11.35208.52
MinimumVisualStudioVersion = 10.0.40219.1
Project("{FAE04EC0-301F-11D3-BF4B-00C04F79EFBC}") = "Week5.WebApi", "Week5.WebApi\Week5.WebApi.csproj", "{C819107A-3E41-4EEE-AECD-26E9B6E76591}"
EndProject
Project("{FAE04EC0-301F-11D3-BF4B-00C04F79EFBC}") = "Week5.Homework", "Week5.Homework\Week5.Homework.csproj", "{4EEADF45-9FBE-45AC-BB13-734E8268DF6C}"
EndProject
Global
	GlobalSection(SolutionConfigurationPlatforms) = preSolution
		Debug|Any CPU = Debug|Any CPU
		Release|Any CPU = Release|Any CPU
	EndGlobalSection
	GlobalSection(ProjectConfigurationPlatforms) = postSolution
		{C819107A-3E41-4EEE-AECD-26E9B6E76591}.Debug|Any CPU.ActiveCfg = Debug|Any CPU
		{C819107A-3E41-4EEE-AECD-26E9B6E76591}.Debug|Any CPU.Build.0 = Debug|Any CPU
		{C819107A-3E41-4EEE-AECD-26E9B6E76591}.Release|Any CPU.ActiveCfg = Release|Any CPU
		{C819107A-3E41-4EEE-AECD-26E9B6E76591}.Release|Any CPU.Build.0 = Release|Any CPU
		{4EEADF45-9FBE-45AC-BB13-734E8268DF6C}.Debug|Any CPU.ActiveCfg = Debug|Any CPU
		{4EEADF45-9FBE-45AC-BB13-734E8268DF6C}.Debug|Any CPU.Build.0 = Debug|Any CPU
		{4EEADF45-9FBE-45AC-BB13-734E8268DF6C}.Release|Any CPU.ActiveCfg = Release|Any CPU
		{4EEADF45-9FBE-45AC-BB13-734E8268DF6C}.Release|Any CPU.Build.0 = Release|Any CPU
	EndGlobalSection
	GlobalSection(SolutionProperties) = preSolution
		HideSolutionNode = FALSE
	EndGlobalSection
	GlobalSection(ExtensibilityGlobals) = postSolution
		SolutionGuid = {62CCC567-7963-4611-986F-CA01F7546324}
	EndGlobalSection
EndGlobal
